// !$*UTF8*$!
{
	archiveVersion = 1;
	classes = {
	};
	objectVersion = 50;
	objects = {

/* Begin PBXBuildFile section */
		79424B6E260120950083690A /* Web view.swift in Sources */ = {isa = PBXBuildFile; fileRef = 79424B6D260120950083690A /* Web view.swift */; };
		79424B71260131830083690A /* ActionIndicator.swift in Sources */ = {isa = PBXBuildFile; fileRef = 79424B70260131830083690A /* ActionIndicator.swift */; };
		79424B74260131E80083690A /* ActivityIndicator.swift in Sources */ = {isa = PBXBuildFile; fileRef = 79424B73260131E80083690A /* ActivityIndicator.swift */; };
		7942F0B025FE598C00F73416 /* ExtensionColor.swift in Sources */ = {isa = PBXBuildFile; fileRef = 7942F0AF25FE598C00F73416 /* ExtensionColor.swift */; };
		7984848425FFF5A600FB45CA /* PamatkyModel.mlmodel in Sources */ = {isa = PBXBuildFile; fileRef = 7984848325FFF5A600FB45CA /* PamatkyModel.mlmodel */; };
		79A3D5C32600C25200B181A5 /* CameraButton.swift in Sources */ = {isa = PBXBuildFile; fileRef = 79A3D5C22600C25200B181A5 /* CameraButton.swift */; };
		79B8C9B12602080F00B31FD7 /* FullWebView.swift in Sources */ = {isa = PBXBuildFile; fileRef = 79B8C9B02602080F00B31FD7 /* FullWebView.swift */; };
		79D3AA2925FD157B003B56EF /* Image_classificatorApp.swift in Sources */ = {isa = PBXBuildFile; fileRef = 79D3AA2825FD157B003B56EF /* Image_classificatorApp.swift */; };
		79D3AA2B25FD157B003B56EF /* ContentView.swift in Sources */ = {isa = PBXBuildFile; fileRef = 79D3AA2A25FD157B003B56EF /* ContentView.swift */; };
		79D3AA2D25FD157C003B56EF /* Assets.xcassets in Resources */ = {isa = PBXBuildFile; fileRef = 79D3AA2C25FD157C003B56EF /* Assets.xcassets */; };
		79D3AA3025FD157C003B56EF /* Preview Assets.xcassets in Resources */ = {isa = PBXBuildFile; fileRef = 79D3AA2F25FD157C003B56EF /* Preview Assets.xcassets */; };
		79D3AA3925FD15E5003B56EF /* ImagePicker.swift in Sources */ = {isa = PBXBuildFile; fileRef = 79D3AA3825FD15E4003B56EF /* ImagePicker.swift */; };
		79D3AA3F25FD1B05003B56EF /* ExtensionUIImage.swift in Sources */ = {isa = PBXBuildFile; fileRef = 79D3AA3E25FD1B05003B56EF /* ExtensionUIImage.swift */; };
		79D81E972600966100E04E51 /* Camera.swift in Sources */ = {isa = PBXBuildFile; fileRef = 79D81E962600966100E04E51 /* Camera.swift */; };
/* End PBXBuildFile section */

/* Begin PBXFileReference section */
		79424B6D260120950083690A /* Web view.swift */ = {isa = PBXFileReference; lastKnownFileType = sourcecode.swift; path = "Web view.swift"; sourceTree = "<group>"; };
		79424B70260131830083690A /* ActionIndicator.swift */ = {isa = PBXFileReference; lastKnownFileType = sourcecode.swift; path = ActionIndicator.swift; sourceTree = "<group>"; };
		79424B73260131E80083690A /* ActivityIndicator.swift */ = {isa = PBXFileReference; lastKnownFileType = sourcecode.swift; path = ActivityIndicator.swift; sourceTree = "<group>"; };
		7942F0AF25FE598C00F73416 /* ExtensionColor.swift */ = {isa = PBXFileReference; lastKnownFileType = sourcecode.swift; path = ExtensionColor.swift; sourceTree = "<group>"; };
		7984848325FFF5A600FB45CA /* PamatkyModel.mlmodel */ = {isa = PBXFileReference; lastKnownFileType = file.mlmodel; path = PamatkyModel.mlmodel; sourceTree = "<group>"; };
		79A3D5C22600C25200B181A5 /* CameraButton.swift */ = {isa = PBXFileReference; lastKnownFileType = sourcecode.swift; path = CameraButton.swift; sourceTree = "<group>"; };
		79B8C9B02602080F00B31FD7 /* FullWebView.swift */ = {isa = PBXFileReference; lastKnownFileType = sourcecode.swift; path = FullWebView.swift; sourceTree = "<group>"; };
		79D3AA2525FD157B003B56EF /* pamatky classifier.app */ = {isa = PBXFileReference; explicitFileType = wrapper.application; includeInIndex = 0; path = "pamatky classifier.app"; sourceTree = BUILT_PRODUCTS_DIR; };
		79D3AA2825FD157B003B56EF /* Image_classificatorApp.swift */ = {isa = PBXFileReference; lastKnownFileType = sourcecode.swift; path = Image_classificatorApp.swift; sourceTree = "<group>"; };
		79D3AA2A25FD157B003B56EF /* ContentView.swift */ = {isa = PBXFileReference; lastKnownFileType = sourcecode.swift; path = ContentView.swift; sourceTree = "<group>"; };
		79D3AA2C25FD157C003B56EF /* Assets.xcassets */ = {isa = PBXFileReference; lastKnownFileType = folder.assetcatalog; path = Assets.xcassets; sourceTree = "<group>"; };
		79D3AA2F25FD157C003B56EF /* Preview Assets.xcassets */ = {isa = PBXFileReference; lastKnownFileType = folder.assetcatalog; path = "Preview Assets.xcassets"; sourceTree = "<group>"; };
		79D3AA3125FD157C003B56EF /* Info.plist */ = {isa = PBXFileReference; lastKnownFileType = text.plist.xml; path = Info.plist; sourceTree = "<group>"; };
		79D3AA3825FD15E4003B56EF /* ImagePicker.swift */ = {isa = PBXFileReference; lastKnownFileType = sourcecode.swift; path = ImagePicker.swift; sourceTree = "<group>"; };
		79D3AA3E25FD1B05003B56EF /* ExtensionUIImage.swift */ = {isa = PBXFileReference; lastKnownFileType = sourcecode.swift; path = ExtensionUIImage.swift; sourceTree = "<group>"; };
		79D81E962600966100E04E51 /* Camera.swift */ = {isa = PBXFileReference; lastKnownFileType = sourcecode.swift; path = Camera.swift; sourceTree = "<group>"; };
/* End PBXFileReference section */

/* Begin PBXFrameworksBuildPhase section */
		79D3AA2225FD157B003B56EF /* Frameworks */ = {
			isa = PBXFrameworksBuildPhase;
			buildActionMask = 2147483647;
			files = (
			);
			runOnlyForDeploymentPostprocessing = 0;
		};
/* End PBXFrameworksBuildPhase section */

/* Begin PBXGroup section */
		79D3AA1C25FD157B003B56EF = {
			isa = PBXGroup;
			children = (
				79D3AA2725FD157B003B56EF /* Image classificator */,
				79D3AA2625FD157B003B56EF /* Products */,
			);
			sourceTree = "<group>";
		};
		79D3AA2625FD157B003B56EF /* Products */ = {
			isa = PBXGroup;
			children = (
				79D3AA2525FD157B003B56EF /* pamatky classifier.app */,
			);
			name = Products;
			sourceTree = "<group>";
		};
		79D3AA2725FD157B003B56EF /* Image classificator */ = {
			isa = PBXGroup;
			children = (
				79D3AA2825FD157B003B56EF /* Image_classificatorApp.swift */,
				79D3AA3B25FD1ABD003B56EF /* Views */,
				79D3AA3D25FD1AE1003B56EF /* Extensions */,
				79D3AA4125FD1CF7003B56EF /* Model */,
				79D3AA2C25FD157C003B56EF /* Assets.xcassets */,
				79D3AA3125FD157C003B56EF /* Info.plist */,
				79D3AA2E25FD157C003B56EF /* Preview Content */,
			);
			path = "Image classificator";
			sourceTree = "<group>";
		};
		79D3AA2E25FD157C003B56EF /* Preview Content */ = {
			isa = PBXGroup;
			children = (
				79D3AA2F25FD157C003B56EF /* Preview Assets.xcassets */,
			);
			path = "Preview Content";
			sourceTree = "<group>";
		};
		79D3AA3B25FD1ABD003B56EF /* Views */ = {
			isa = PBXGroup;
			children = (
				79D3AA2A25FD157B003B56EF /* ContentView.swift */,
				79424B6D260120950083690A /* Web view.swift */,
				79B8C9B02602080F00B31FD7 /* FullWebView.swift */,
				79D81E962600966100E04E51 /* Camera.swift */,
				79D3AA3C25FD1ACB003B56EF /* HelperViews */,
			);
			path = Views;
			sourceTree = "<group>";
		};
		79D3AA3C25FD1ACB003B56EF /* HelperViews */ = {
			isa = PBXGroup;
			children = (
				79A3D5C22600C25200B181A5 /* CameraButton.swift */,
				79D3AA3825FD15E4003B56EF /* ImagePicker.swift */,
				79424B70260131830083690A /* ActionIndicator.swift */,
				79424B73260131E80083690A /* ActivityIndicator.swift */,
			);
			path = HelperViews;
			sourceTree = "<group>";
		};
		79D3AA3D25FD1AE1003B56EF /* Extensions */ = {
			isa = PBXGroup;
			children = (
				79D3AA3E25FD1B05003B56EF /* ExtensionUIImage.swift */,
				7942F0AF25FE598C00F73416 /* ExtensionColor.swift */,
			);
			path = Extensions;
			sourceTree = "<group>";
		};
		79D3AA4125FD1CF7003B56EF /* Model */ = {
			isa = PBXGroup;
			children = (
				7984848325FFF5A600FB45CA /* PamatkyModel.mlmodel */,
			);
			path = Model;
			sourceTree = "<group>";
		};
/* End PBXGroup section */

/* Begin PBXNativeTarget section */
		79D3AA2425FD157B003B56EF /* pamatky classifier */ = {
			isa = PBXNativeTarget;
			buildConfigurationList = 79D3AA3425FD157C003B56EF /* Build configuration list for PBXNativeTarget "pamatky classifier" */;
			buildPhases = (
				79D3AA2125FD157B003B56EF /* Sources */,
				79D3AA2225FD157B003B56EF /* Frameworks */,
				79D3AA2325FD157B003B56EF /* Resources */,
			);
			buildRules = (
			);
			dependencies = (
			);
			name = "pamatky classifier";
			productName = "Image classificator";
			productReference = 79D3AA2525FD157B003B56EF /* pamatky classifier.app */;
			productType = "com.apple.product-type.application";
		};
/* End PBXNativeTarget section */

/* Begin PBXProject section */
		79D3AA1D25FD157B003B56EF /* Project object */ = {
			isa = PBXProject;
			attributes = {
				LastSwiftUpdateCheck = 1240;
				LastUpgradeCheck = 1240;
				TargetAttributes = {
					79D3AA2425FD157B003B56EF = {
						CreatedOnToolsVersion = 12.4;
					};
				};
			};
			buildConfigurationList = 79D3AA2025FD157B003B56EF /* Build configuration list for PBXProject "pamatky classifier" */;
			compatibilityVersion = "Xcode 9.3";
			developmentRegion = en;
			hasScannedForEncodings = 0;
			knownRegions = (
				en,
				Base,
			);
			mainGroup = 79D3AA1C25FD157B003B56EF;
			productRefGroup = 79D3AA2625FD157B003B56EF /* Products */;
			projectDirPath = "";
			projectRoot = "";
			targets = (
				79D3AA2425FD157B003B56EF /* pamatky classifier */,
			);
		};
/* End PBXProject section */

/* Begin PBXResourcesBuildPhase section */
		79D3AA2325FD157B003B56EF /* Resources */ = {
			isa = PBXResourcesBuildPhase;
			buildActionMask = 2147483647;
			files = (
				79D3AA3025FD157C003B56EF /* Preview Assets.xcassets in Resources */,
				79D3AA2D25FD157C003B56EF /* Assets.xcassets in Resources */,
			);
			runOnlyForDeploymentPostprocessing = 0;
		};
/* End PBXResourcesBuildPhase section */

/* Begin PBXSourcesBuildPhase section */
		79D3AA2125FD157B003B56EF /* Sources */ = {
			isa = PBXSourcesBuildPhase;
			buildActionMask = 2147483647;
			files = (
				79B8C9B12602080F00B31FD7 /* FullWebView.swift in Sources */,
				79D3AA3925FD15E5003B56EF /* ImagePicker.swift in Sources */,
				79D3AA2B25FD157B003B56EF /* ContentView.swift in Sources */,
				79A3D5C32600C25200B181A5 /* CameraButton.swift in Sources */,
				79424B71260131830083690A /* ActionIndicator.swift in Sources */,
				7984848425FFF5A600FB45CA /* PamatkyModel.mlmodel in Sources */,
				79424B74260131E80083690A /* ActivityIndicator.swift in Sources */,
				79D3AA2925FD157B003B56EF /* Image_classificatorApp.swift in Sources */,
				79424B6E260120950083690A /* Web view.swift in Sources */,
				79D3AA3F25FD1B05003B56EF /* ExtensionUIImage.swift in Sources */,
				79D81E972600966100E04E51 /* Camera.swift in Sources */,
				7942F0B025FE598C00F73416 /* ExtensionColor.swift in Sources */,
			);
			runOnlyForDeploymentPostprocessing = 0;
		};
/* End PBXSourcesBuildPhase section */

/* Begin XCBuildConfiguration section */
		79D3AA3225FD157C003B56EF /* Debug */ = {
			isa = XCBuildConfiguration;
			buildSettings = {
				ALWAYS_SEARCH_USER_PATHS = NO;
				CLANG_ANALYZER_NONNULL = YES;
				CLANG_ANALYZER_NUMBER_OBJECT_CONVERSION = YES_AGGRESSIVE;
				CLANG_CXX_LANGUAGE_STANDARD = "gnu++14";
				CLANG_CXX_LIBRARY = "libc++";
				CLANG_ENABLE_MODULES = YES;
				CLANG_ENABLE_OBJC_ARC = YES;
				CLANG_ENABLE_OBJC_WEAK = YES;
				CLANG_WARN_BLOCK_CAPTURE_AUTORELEASING = YES;
				CLANG_WARN_BOOL_CONVERSION = YES;
				CLANG_WARN_COMMA = YES;
				CLANG_WARN_CONSTANT_CONVERSION = YES;
				CLANG_WARN_DEPRECATED_OBJC_IMPLEMENTATIONS = YES;
				CLANG_WARN_DIRECT_OBJC_ISA_USAGE = YES_ERROR;
				CLANG_WARN_DOCUMENTATION_COMMENTS = YES;
				CLANG_WARN_EMPTY_BODY = YES;
				CLANG_WARN_ENUM_CONVERSION = YES;
				CLANG_WARN_INFINITE_RECURSION = YES;
				CLANG_WARN_INT_CONVERSION = YES;
				CLANG_WARN_NON_LITERAL_NULL_CONVERSION = YES;
				CLANG_WARN_OBJC_IMPLICIT_RETAIN_SELF = YES;
				CLANG_WARN_OBJC_LITERAL_CONVERSION = YES;
				CLANG_WARN_OBJC_ROOT_CLASS = YES_ERROR;
				CLANG_WARN_QUOTED_INCLUDE_IN_FRAMEWORK_HEADER = YES;
				CLANG_WARN_RANGE_LOOP_ANALYSIS = YES;
				CLANG_WARN_STRICT_PROTOTYPES = YES;
				CLANG_WARN_SUSPICIOUS_MOVE = YES;
				CLANG_WARN_UNGUARDED_AVAILABILITY = YES_AGGRESSIVE;
				CLANG_WARN_UNREACHABLE_CODE = YES;
				CLANG_WARN__DUPLICATE_METHOD_MATCH = YES;
				COPY_PHASE_STRIP = NO;
				DEBUG_INFORMATION_FORMAT = dwarf;
				ENABLE_STRICT_OBJC_MSGSEND = YES;
				ENABLE_TESTABILITY = YES;
				GCC_C_LANGUAGE_STANDARD = gnu11;
				GCC_DYNAMIC_NO_PIC = NO;
				GCC_NO_COMMON_BLOCKS = YES;
				GCC_OPTIMIZATION_LEVEL = 0;
				GCC_PREPROCESSOR_DEFINITIONS = (
					"DEBUG=1",
					"$(inherited)",
				);
				GCC_WARN_64_TO_32_BIT_CONVERSION = YES;
				GCC_WARN_ABOUT_RETURN_TYPE = YES_ERROR;
				GCC_WARN_UNDECLARED_SELECTOR = YES;
				GCC_WARN_UNINITIALIZED_AUTOS = YES_AGGRESSIVE;
				GCC_WARN_UNUSED_FUNCTION = YES;
				GCC_WARN_UNUSED_VARIABLE = YES;
				IPHONEOS_DEPLOYMENT_TARGET = 14.4;
				MTL_ENABLE_DEBUG_INFO = INCLUDE_SOURCE;
				MTL_FAST_MATH = YES;
				ONLY_ACTIVE_ARCH = YES;
				SDKROOT = iphoneos;
				SWIFT_ACTIVE_COMPILATION_CONDITIONS = DEBUG;
				SWIFT_OPTIMIZATION_LEVEL = "-Onone";
			};
			name = Debug;
		};
		79D3AA3325FD157C003B56EF /* Release */ = {
			isa = XCBuildConfiguration;
			buildSettings = {
				ALWAYS_SEARCH_USER_PATHS = NO;
				CLANG_ANALYZER_NONNULL = YES;
				CLANG_ANALYZER_NUMBER_OBJECT_CONVERSION = YES_AGGRESSIVE;
				CLANG_CXX_LANGUAGE_STANDARD = "gnu++14";
				CLANG_CXX_LIBRARY = "libc++";
				CLANG_ENABLE_MODULES = YES;
				CLANG_ENABLE_OBJC_ARC = YES;
				CLANG_ENABLE_OBJC_WEAK = YES;
				CLANG_WARN_BLOCK_CAPTURE_AUTORELEASING = YES;
				CLANG_WARN_BOOL_CONVERSION = YES;
				CLANG_WARN_COMMA = YES;
				CLANG_WARN_CONSTANT_CONVERSION = YES;
				CLANG_WARN_DEPRECATED_OBJC_IMPLEMENTATIONS = YES;
				CLANG_WARN_DIRECT_OBJC_ISA_USAGE = YES_ERROR;
				CLANG_WARN_DOCUMENTATION_COMMENTS = YES;
				CLANG_WARN_EMPTY_BODY = YES;
				CLANG_WARN_ENUM_CONVERSION = YES;
				CLANG_WARN_INFINITE_RECURSION = YES;
				CLANG_WARN_INT_CONVERSION = YES;
				CLANG_WARN_NON_LITERAL_NULL_CONVERSION = YES;
				CLANG_WARN_OBJC_IMPLICIT_RETAIN_SELF = YES;
				CLANG_WARN_OBJC_LITERAL_CONVERSION = YES;
				CLANG_WARN_OBJC_ROOT_CLASS = YES_ERROR;
				CLANG_WARN_QUOTED_INCLUDE_IN_FRAMEWORK_HEADER = YES;
				CLANG_WARN_RANGE_LOOP_ANALYSIS = YES;
				CLANG_WARN_STRICT_PROTOTYPES = YES;
				CLANG_WARN_SUSPICIOUS_MOVE = YES;
				CLANG_WARN_UNGUARDED_AVAILABILITY = YES_AGGRESSIVE;
				CLANG_WARN_UNREACHABLE_CODE = YES;
				CLANG_WARN__DUPLICATE_METHOD_MATCH = YES;
				COPY_PHASE_STRIP = NO;
				DEBUG_INFORMATION_FORMAT = "dwarf-with-dsym";
				ENABLE_NS_ASSERTIONS = NO;
				ENABLE_STRICT_OBJC_MSGSEND = YES;
				GCC_C_LANGUAGE_STANDARD = gnu11;
				GCC_NO_COMMON_BLOCKS = YES;
				GCC_WARN_64_TO_32_BIT_CONVERSION = YES;
				GCC_WARN_ABOUT_RETURN_TYPE = YES_ERROR;
				GCC_WARN_UNDECLARED_SELECTOR = YES;
				GCC_WARN_UNINITIALIZED_AUTOS = YES_AGGRESSIVE;
				GCC_WARN_UNUSED_FUNCTION = YES;
				GCC_WARN_UNUSED_VARIABLE = YES;
				IPHONEOS_DEPLOYMENT_TARGET = 14.4;
				MTL_ENABLE_DEBUG_INFO = NO;
				MTL_FAST_MATH = YES;
				SDKROOT = iphoneos;
				SWIFT_COMPILATION_MODE = wholemodule;
				SWIFT_OPTIMIZATION_LEVEL = "-O";
				VALIDATE_PRODUCT = YES;
			};
			name = Release;
		};
		79D3AA3525FD157C003B56EF /* Debug */ = {
			isa = XCBuildConfiguration;
			buildSettings = {
				ASSETCATALOG_COMPILER_APPICON_NAME = AppIcon;
				ASSETCATALOG_COMPILER_GLOBAL_ACCENT_COLOR_NAME = AccentColor;
				CODE_SIGN_STYLE = Automatic;
				DEVELOPMENT_ASSET_PATHS = "\"Image classificator/Preview Content\"";
				DEVELOPMENT_TEAM = QLD6U569JQ;
				ENABLE_PREVIEWS = YES;
				INFOPLIST_FILE = "Image classificator/Info.plist";
				IPHONEOS_DEPLOYMENT_TARGET = 14.0;
				LD_RUNPATH_SEARCH_PATHS = (
					"$(inherited)",
					"@executable_path/Frameworks",
				);
				PRODUCT_BUNDLE_IDENTIFIER = "com.Vojta.Image-classificator";
				PRODUCT_NAME = "$(TARGET_NAME)";
				SWIFT_VERSION = 5.0;
				TARGETED_DEVICE_FAMILY = "1,2";
			};
			name = Debug;
		};
		79D3AA3625FD157C003B56EF /* Release */ = {
			isa = XCBuildConfiguration;
			buildSettings = {
				ASSETCATALOG_COMPILER_APPICON_NAME = AppIcon;
				ASSETCATALOG_COMPILER_GLOBAL_ACCENT_COLOR_NAME = AccentColor;
				CODE_SIGN_STYLE = Automatic;
				DEVELOPMENT_ASSET_PATHS = "\"Image classificator/Preview Content\"";
				DEVELOPMENT_TEAM = QLD6U569JQ;
				ENABLE_PREVIEWS = YES;
				INFOPLIST_FILE = "Image classificator/Info.plist";
				IPHONEOS_DEPLOYMENT_TARGET = 14.0;
				LD_RUNPATH_SEARCH_PATHS = (
					"$(inherited)",
					"@executable_path/Frameworks",
				);
				PRODUCT_BUNDLE_IDENTIFIER = "com.Vojta.Image-classificator";
				PRODUCT_NAME = "$(TARGET_NAME)";
				SWIFT_VERSION = 5.0;
				TARGETED_DEVICE_FAMILY = "1,2";
			};
			name = Release;
		};
/* End XCBuildConfiguration section */

/* Begin XCConfigurationList section */
		79D3AA2025FD157B003B56EF /* Build configuration list for PBXProject "pamatky classifier" */ = {
			isa = XCConfigurationList;
			buildConfigurations = (
				79D3AA3225FD157C003B56EF /* Debug */,
				79D3AA3325FD157C003B56EF /* Release */,
			);
			defaultConfigurationIsVisible = 0;
			defaultConfigurationName = Release;
		};
		79D3AA3425FD157C003B56EF /* Build configuration list for PBXNativeTarget "pamatky classifier" */ = {
			isa = XCConfigurationList;
			buildConfigurations = (
				79D3AA3525FD157C003B56EF /* Debug */,
				79D3AA3625FD157C003B56EF /* Release */,
			);
			defaultConfigurationIsVisible = 0;
			defaultConfigurationName = Release;
		};
/* End XCConfigurationList section */
	};
	rootObject = 79D3AA1D25FD157B003B56EF /* Project object */;
}
